{
  "name": "ebabel",
  "version": "2.0.13",
  "lockfileVersion": 1,
  "requires": true,
  "dependencies": {
    "ebabel-bounding-box": {
      "version": "1.0.0",
      "resolved": "https://registry.npmjs.org/ebabel-bounding-box/-/ebabel-bounding-box-1.0.0.tgz",
      "integrity": "sha512-Yw+LFWcI0/F5L/OynpIap66IDycpeKJaKvgYX+jaCe4IJCQ4ejyc3uboX399M7XbfjGGD/yDYWFKov1QUwbC2w=="
    },
    "ebabel-count-array-elements": {
      "version": "1.0.0",
      "resolved": "https://registry.npmjs.org/ebabel-count-array-elements/-/ebabel-count-array-elements-1.0.0.tgz",
      "integrity": "sha512-jLuS+lkAY3edLWly2fxY46J7Rk98yHB3IrXRbv5qcce/EJUjkbp/nFsQqT3rA5vc4/HQlDpKTuvDDBwE9XoasA=="
    },
    "ebabel-distance": {
      "version": "1.1.1",
      "resolved": "https://registry.npmjs.org/ebabel-distance/-/ebabel-distance-1.1.1.tgz",
      "integrity": "sha512-l0+muZAMAqMbmVyyfYzZ0PEeEFVZjuLH5a7T9ZdWu/0i2cNq46FcxyU2RcBW5D3HQqIDwGR2e9KKS6Z6UoF4Wg=="
    },
    "ebabel-guid": {
      "version": "1.0.0",
      "resolved": "https://registry.npmjs.org/ebabel-guid/-/ebabel-guid-1.0.0.tgz",
      "integrity": "sha512-9gTyHSg9QV4cZHjyVFwsw7/ETOJP9n6M/UYFHTixd6e0D63YueMqFBB9oBzVQjQ8+RwJthz53gUCSYQUTzNXHw=="
    },
    "ebabel-ido": {
      "version": "1.0.0",
      "resolved": "https://registry.npmjs.org/ebabel-ido/-/ebabel-ido-1.0.0.tgz",
      "integrity": "sha512-UlzYD7qj/ZOjY/krifbmzgBJmH2r/mdvwad++NW4udTMQLlOHnxIDppage7FvNySt3BWcrPQlsJE9lJzR1J9hw=="
    },
    "ebabel-light": {
      "version": "1.0.0",
      "resolved": "https://registry.npmjs.org/ebabel-light/-/ebabel-light-1.0.0.tgz",
      "integrity": "sha512-hkMaT9R9QfVyrGOMuoKrjJTnijIqe51FXuF78/sYilbMl4V4EmfcaFyu+0WOcyIgkzeeiWohr/YsKpN+m22aKA=="
    },
    "ebabel-prevent-xss": {
      "version": "1.0.0",
      "resolved": "https://registry.npmjs.org/ebabel-prevent-xss/-/ebabel-prevent-xss-1.0.0.tgz",
      "integrity": "sha512-/0o4ZXeYh8ZlHOgsB7b2+A22SaIpaMs9MrpFAF+jqNN3/3xxym4BZx98jSa7JjF9b01D7FdSjL5wygL7pfDQlA=="
    },
    "ebabel-random": {
      "version": "1.1.0",
      "resolved": "https://registry.npmjs.org/ebabel-random/-/ebabel-random-1.1.0.tgz",
      "integrity": "sha512-zJARdh/PXEFZXio0NOYWoF8To17EztEjMkvgecdYfsZVy56M8CLtlaqp0ZCqgAjlfNfMbCtSOArFF8vw8Nflpg=="
    },
    "ebabel-random-list": {
      "version": "1.0.0",
      "resolved": "https://registry.npmjs.org/ebabel-random-list/-/ebabel-random-list-1.0.0.tgz",
      "integrity": "sha512-MddrG3af6OOGqi4bSU16Io/4rA6NjMnxli2dTfGxBwIKpdCOUjK3GuqFdptzof/nTA3tDD9RmY6e5Pk83Apjcw=="
    }
  }
}
