{
  "name": "ebabel",
  "version": "2.0.1",
  "lockfileVersion": 1,
  "requires": true,
  "dependencies": {
    "ebabel-random": {
      "version": "1.0.0",
      "resolved": "https://registry.npmjs.org/ebabel-random/-/ebabel-random-1.0.0.tgz",
      "integrity": "sha512-P3lpaI0rY53XZrRRcQZpY8COTDnM6CzQuOGSsMnaJFTQ6xzlOeAnzc4znab5K/XlGMNnkUOjrwkPuR2BxgglXw=="
    }
  }
}
