{
  "name": "ebabel",
  "version": "2.0.4",
  "lockfileVersion": 1,
  "requires": true,
  "dependencies": {
    "ebabel-guid": {
      "version": "1.0.0",
      "resolved": "https://registry.npmjs.org/ebabel-guid/-/ebabel-guid-1.0.0.tgz",
      "integrity": "sha512-9gTyHSg9QV4cZHjyVFwsw7/ETOJP9n6M/UYFHTixd6e0D63YueMqFBB9oBzVQjQ8+RwJthz53gUCSYQUTzNXHw=="
    },
    "ebabel-ido": {
      "version": "1.0.0",
      "resolved": "https://registry.npmjs.org/ebabel-ido/-/ebabel-ido-1.0.0.tgz",
      "integrity": "sha512-UlzYD7qj/ZOjY/krifbmzgBJmH2r/mdvwad++NW4udTMQLlOHnxIDppage7FvNySt3BWcrPQlsJE9lJzR1J9hw=="
    },
    "ebabel-random": {
      "version": "1.0.0",
      "resolved": "https://registry.npmjs.org/ebabel-random/-/ebabel-random-1.0.0.tgz",
      "integrity": "sha512-P3lpaI0rY53XZrRRcQZpY8COTDnM6CzQuOGSsMnaJFTQ6xzlOeAnzc4znab5K/XlGMNnkUOjrwkPuR2BxgglXw=="
    },
    "ebabel-random-list": {
      "version": "1.0.0",
      "resolved": "https://registry.npmjs.org/ebabel-random-list/-/ebabel-random-list-1.0.0.tgz",
      "integrity": "sha512-MddrG3af6OOGqi4bSU16Io/4rA6NjMnxli2dTfGxBwIKpdCOUjK3GuqFdptzof/nTA3tDD9RmY6e5Pk83Apjcw=="
    }
  }
}
